// !$*UTF8*$!
{
	archiveVersion = 1;
	classes = {
	};
	objectVersion = 46;
	objects = {

/* Begin PBXBuildFile section */
		144871211C278446008C36C9 /* main.m in Sources */ = {isa = PBXBuildFile; fileRef = 144871201C278446008C36C9 /* main.m */; };
		144871241C278446008C36C9 /* AppDelegate.m in Sources */ = {isa = PBXBuildFile; fileRef = 144871231C278446008C36C9 /* AppDelegate.m */; };
		144871271C278446008C36C9 /* ViewController.m in Sources */ = {isa = PBXBuildFile; fileRef = 144871261C278446008C36C9 /* ViewController.m */; };
		1448712A1C278446008C36C9 /* Main.storyboard in Resources */ = {isa = PBXBuildFile; fileRef = 144871281C278446008C36C9 /* Main.storyboard */; };
		1448712C1C278446008C36C9 /* Assets.xcassets in Resources */ = {isa = PBXBuildFile; fileRef = 1448712B1C278446008C36C9 /* Assets.xcassets */; };
		1448712F1C278446008C36C9 /* LaunchScreen.storyboard in Resources */ = {isa = PBXBuildFile; fileRef = 1448712D1C278446008C36C9 /* LaunchScreen.storyboard */; };
		14F7ED3B1C293A81009C6537 /* UITextField+UndoTest.m in Sources */ = {isa = PBXBuildFile; fileRef = 14F7ED3A1C293A81009C6537 /* UITextField+UndoTest.m */; };
/* End PBXBuildFile section */

/* Begin PBXFileReference section */
		1448711C1C278446008C36C9 /* testUndo.app */ = {isa = PBXFileReference; explicitFileType = wrapper.application; includeInIndex = 0; path = testUndo.app; sourceTree = BUILT_PRODUCTS_DIR; };
		144871201C278446008C36C9 /* main.m */ = {isa = PBXFileReference; lastKnownFileType = sourcecode.c.objc; path = main.m; sourceTree = "<group>"; };
		144871221C278446008C36C9 /* AppDelegate.h */ = {isa = PBXFileReference; lastKnownFileType = sourcecode.c.h; path = AppDelegate.h; sourceTree = "<group>"; };
		144871231C278446008C36C9 /* AppDelegate.m */ = {isa = PBXFileReference; lastKnownFileType = sourcecode.c.objc; path = AppDelegate.m; sourceTree = "<group>"; };
		144871251C278446008C36C9 /* ViewController.h */ = {isa = PBXFileReference; lastKnownFileType = sourcecode.c.h; path = ViewController.h; sourceTree = "<group>"; };
		144871261C278446008C36C9 /* ViewController.m */ = {isa = PBXFileReference; lastKnownFileType = sourcecode.c.objc; path = ViewController.m; sourceTree = "<group>"; };
		144871291C278446008C36C9 /* Base */ = {isa = PBXFileReference; lastKnownFileType = file.storyboard; name = Base; path = Base.lproj/Main.storyboard; sourceTree = "<group>"; };
		1448712B1C278446008C36C9 /* Assets.xcassets */ = {isa = PBXFileReference; lastKnownFileType = folder.assetcatalog; path = Assets.xcassets; sourceTree = "<group>"; };
		1448712E1C278446008C36C9 /* Base */ = {isa = PBXFileReference; lastKnownFileType = file.storyboard; name = Base; path = Base.lproj/LaunchScreen.storyboard; sourceTree = "<group>"; };
		144871301C278446008C36C9 /* Info.plist */ = {isa = PBXFileReference; lastKnownFileType = text.plist.xml; path = Info.plist; sourceTree = "<group>"; };
		14F7ED391C293A81009C6537 /* UITextField+UndoTest.h */ = {isa = PBXFileReference; fileEncoding = 4; lastKnownFileType = sourcecode.c.h; path = "UITextField+UndoTest.h"; sourceTree = "<group>"; };
		14F7ED3A1C293A81009C6537 /* UITextField+UndoTest.m */ = {isa = PBXFileReference; fileEncoding = 4; lastKnownFileType = sourcecode.c.objc; path = "UITextField+UndoTest.m"; sourceTree = "<group>"; };
/* End PBXFileReference section */

/* Begin PBXFrameworksBuildPhase section */
		144871191C278446008C36C9 /* Frameworks */ = {
			isa = PBXFrameworksBuildPhase;
			buildActionMask = 2147483647;
			files = (
			);
			runOnlyForDeploymentPostprocessing = 0;
		};
/* End PBXFrameworksBuildPhase section */

/* Begin PBXGroup section */
		144871131C278446008C36C9 = {
			isa = PBXGroup;
			children = (
				1448711E1C278446008C36C9 /* testUndo */,
				1448711D1C278446008C36C9 /* Products */,
			);
			sourceTree = "<group>";
		};
		1448711D1C278446008C36C9 /* Products */ = {
			isa = PBXGroup;
			children = (
				1448711C1C278446008C36C9 /* testUndo.app */,
			);
			name = Products;
			sourceTree = "<group>";
		};
		1448711E1C278446008C36C9 /* testUndo */ = {
			isa = PBXGroup;
			children = (
				144871221C278446008C36C9 /* AppDelegate.h */,
				144871231C278446008C36C9 /* AppDelegate.m */,
				144871251C278446008C36C9 /* ViewController.h */,
				144871261C278446008C36C9 /* ViewController.m */,
				14F7ED391C293A81009C6537 /* UITextField+UndoTest.h */,
				14F7ED3A1C293A81009C6537 /* UITextField+UndoTest.m */,
				144871281C278446008C36C9 /* Main.storyboard */,
				1448712B1C278446008C36C9 /* Assets.xcassets */,
				1448712D1C278446008C36C9 /* LaunchScreen.storyboard */,
				144871301C278446008C36C9 /* Info.plist */,
				1448711F1C278446008C36C9 /* Supporting Files */,
			);
			path = testUndo;
			sourceTree = "<group>";
		};
		1448711F1C278446008C36C9 /* Supporting Files */ = {
			isa = PBXGroup;
			children = (
				144871201C278446008C36C9 /* main.m */,
			);
			name = "Supporting Files";
			sourceTree = "<group>";
		};
/* End PBXGroup section */

/* Begin PBXNativeTarget section */
		1448711B1C278446008C36C9 /* testUndo */ = {
			isa = PBXNativeTarget;
			buildConfigurationList = 144871331C278446008C36C9 /* Build configuration list for PBXNativeTarget "testUndo" */;
			buildPhases = (
				144871181C278446008C36C9 /* Sources */,
				144871191C278446008C36C9 /* Frameworks */,
				1448711A1C278446008C36C9 /* Resources */,
			);
			buildRules = (
			);
			dependencies = (
			);
			name = testUndo;
			productName = testUndo;
			productReference = 1448711C1C278446008C36C9 /* testUndo.app */;
			productType = "com.apple.product-type.application";
		};
/* End PBXNativeTarget section */

/* Begin PBXProject section */
		144871141C278446008C36C9 /* Project object */ = {
			isa = PBXProject;
			attributes = {
				LastUpgradeCheck = 0720;
				ORGANIZATIONNAME = liulishuo;
				TargetAttributes = {
					1448711B1C278446008C36C9 = {
						CreatedOnToolsVersion = 7.2;
					};
				};
			};
			buildConfigurationList = 144871171C278446008C36C9 /* Build configuration list for PBXProject "testUndo" */;
			compatibilityVersion = "Xcode 3.2";
			developmentRegion = English;
			hasScannedForEncodings = 0;
			knownRegions = (
				en,
				Base,
			);
			mainGroup = 144871131C278446008C36C9;
			productRefGroup = 1448711D1C278446008C36C9 /* Products */;
			projectDirPath = "";
			projectRoot = "";
			targets = (
				1448711B1C278446008C36C9 /* testUndo */,
			);
		};
/* End PBXProject section */

/* Begin PBXResourcesBuildPhase section */
		1448711A1C278446008C36C9 /* Resources */ = {
			isa = PBXResourcesBuildPhase;
			buildActionMask = 2147483647;
			files = (
				1448712F1C278446008C36C9 /* LaunchScreen.storyboard in Resources */,
				1448712C1C278446008C36C9 /* Assets.xcassets in Resources */,
				1448712A1C278446008C36C9 /* Main.storyboard in Resources */,
			);
			runOnlyForDeploymentPostprocessing = 0;
		};
/* End PBXResourcesBuildPhase section */

/* Begin PBXSourcesBuildPhase section */
		144871181C278446008C36C9 /* Sources */ = {
			isa = PBXSourcesBuildPhase;
			buildActionMask = 2147483647;
			files = (
				144871271C278446008C36C9 /* ViewController.m in Sources */,
				14F7ED3B1C293A81009C6537 /* UITextField+UndoTest.m in Sources */,
				144871241C278446008C36C9 /* AppDelegate.m in Sources */,
				144871211C278446008C36C9 /* main.m in Sources */,
			);
			runOnlyForDeploymentPostprocessing = 0;
		};
/* End PBXSourcesBuildPhase section */

/* Begin PBXVariantGroup section */
		144871281C278446008C36C9 /* Main.storyboard */ = {
			isa = PBXVariantGroup;
			children = (
				144871291C278446008C36C9 /* Base */,
			);
			name = Main.storyboard;
			sourceTree = "<group>";
		};
		1448712D1C278446008C36C9 /* LaunchScreen.storyboard */ = {
			isa = PBXVariantGroup;
			children = (
				1448712E1C278446008C36C9 /* Base */,
			);
			name = LaunchScreen.storyboard;
			sourceTree = "<group>";
		};
/* End PBXVariantGroup section */

/* Begin XCBuildConfiguration section */
		144871311C278446008C36C9 /* Debug */ = {
			isa = XCBuildConfiguration;
			buildSettings = {
				ALWAYS_SEARCH_USER_PATHS = NO;
				CLANG_CXX_LANGUAGE_STANDARD = "gnu++0x";
				CLANG_CXX_LIBRARY = "libc++";
				CLANG_ENABLE_MODULES = YES;
				CLANG_ENABLE_OBJC_ARC = YES;
				CLANG_WARN_BOOL_CONVERSION = YES;
				CLANG_WARN_CONSTANT_CONVERSION = YES;
				CLANG_WARN_DIRECT_OBJC_ISA_USAGE = YES_ERROR;
				CLANG_WARN_EMPTY_BODY = YES;
				CLANG_WARN_ENUM_CONVERSION = YES;
				CLANG_WARN_INT_CONVERSION = YES;
				CLANG_WARN_OBJC_ROOT_CLASS = YES_ERROR;
				CLANG_WARN_UNREACHABLE_CODE = YES;
				CLANG_WARN__DUPLICATE_METHOD_MATCH = YES;
				"CODE_SIGN_IDENTITY[sdk=iphoneos*]" = "iPhone Developer";
				COPY_PHASE_STRIP = NO;
				DEBUG_INFORMATION_FORMAT = dwarf;
				ENABLE_STRICT_OBJC_MSGSEND = YES;
				ENABLE_TESTABILITY = YES;
				GCC_C_LANGUAGE_STANDARD = gnu99;
				GCC_DYNAMIC_NO_PIC = NO;
				GCC_NO_COMMON_BLOCKS = YES;
				GCC_OPTIMIZATION_LEVEL = 0;
				GCC_PREPROCESSOR_DEFINITIONS = (
					"DEBUG=1",
					"$(inherited)",
				);
				GCC_WARN_64_TO_32_BIT_CONVERSION = YES;
				GCC_WARN_ABOUT_RETURN_TYPE = YES_ERROR;
				GCC_WARN_UNDECLARED_SELECTOR = YES;
				GCC_WARN_UNINITIALIZED_AUTOS = YES_AGGRESSIVE;
				GCC_WARN_UNUSED_FUNCTION = YES;
				GCC_WARN_UNUSED_VARIABLE = YES;
				IPHONEOS_DEPLOYMENT_TARGET = 9.2;
				MTL_ENABLE_DEBUG_INFO = YES;
				ONLY_ACTIVE_ARCH = YES;
				SDKROOT = iphoneos;
				TARGETED_DEVICE_FAMILY = "1,2";
			};
			name = Debug;
		};
		144871321C278446008C36C9 /* Release */ = {
			isa = XCBuildConfiguration;
			buildSettings = {
				ALWAYS_SEARCH_USER_PATHS = NO;
				CLANG_CXX_LANGUAGE_STANDARD = "gnu++0x";
				CLANG_CXX_LIBRARY = "libc++";
				CLANG_ENABLE_MODULES = YES;
				CLANG_ENABLE_OBJC_ARC = YES;
				CLANG_WARN_BOOL_CONVERSION = YES;
				CLANG_WARN_CONSTANT_CONVERSION = YES;
				CLANG_WARN_DIRECT_OBJC_ISA_USAGE = YES_ERROR;
				CLANG_WARN_EMPTY_BODY = YES;
				CLANG_WARN_ENUM_CONVERSION = YES;
				CLANG_WARN_INT_CONVERSION = YES;
				CLANG_WARN_OBJC_ROOT_CLASS = YES_ERROR;
				CLANG_WARN_UNREACHABLE_CODE = YES;
				CLANG_WARN__DUPLICATE_METHOD_MATCH = YES;
				"CODE_SIGN_IDENTITY[sdk=iphoneos*]" = "iPhone Developer";
				COPY_PHASE_STRIP = NO;
				DEBUG_INFORMATION_FORMAT = "dwarf-with-dsym";
				ENABLE_NS_ASSERTIONS = NO;
				ENABLE_STRICT_OBJC_MSGSEND = YES;
				GCC_C_LANGUAGE_STANDARD = gnu99;
				GCC_NO_COMMON_BLOCKS = YES;
				GCC_WARN_64_TO_32_BIT_CONVERSION = YES;
				GCC_WARN_ABOUT_RETURN_TYPE = YES_ERROR;
				GCC_WARN_UNDECLARED_SELECTOR = YES;
				GCC_WARN_UNINITIALIZED_AUTOS = YES_AGGRESSIVE;
				GCC_WARN_UNUSED_FUNCTION = YES;
				GCC_WARN_UNUSED_VARIABLE = YES;
				IPHONEOS_DEPLOYMENT_TARGET = 9.2;
				MTL_ENABLE_DEBUG_INFO = NO;
				SDKROOT = iphoneos;
				TARGETED_DEVICE_FAMILY = "1,2";
				VALIDATE_PRODUCT = YES;
			};
			name = Release;
		};
		144871341C278446008C36C9 /* Debug */ = {
			isa = XCBuildConfiguration;
			buildSettings = {
				ASSETCATALOG_COMPILER_APPICON_NAME = AppIcon;
				INFOPLIST_FILE = testUndo/Info.plist;
				LD_RUNPATH_SEARCH_PATHS = "$(inherited) @executable_path/Frameworks";
				PRODUCT_BUNDLE_IDENTIFIER = "----.testUndo";
				PRODUCT_NAME = "$(TARGET_NAME)";
			};
			name = Debug;
		};
		144871351C278446008C36C9 /* Release */ = {
			isa = XCBuildConfiguration;
			buildSettings = {
				ASSETCATALOG_COMPILER_APPICON_NAME = AppIcon;
				INFOPLIST_FILE = testUndo/Info.plist;
				LD_RUNPATH_SEARCH_PATHS = "$(inherited) @executable_path/Frameworks";
				PRODUCT_BUNDLE_IDENTIFIER = "----.testUndo";
				PRODUCT_NAME = "$(TARGET_NAME)";
			};
			name = Release;
		};
/* End XCBuildConfiguration section */

/* Begin XCConfigurationList section */
		144871171C278446008C36C9 /* Build configuration list for PBXProject "testUndo" */ = {
			isa = XCConfigurationList;
			buildConfigurations = (
				144871311C278446008C36C9 /* Debug */,
				144871321C278446008C36C9 /* Release */,
			);
			defaultConfigurationIsVisible = 0;
			defaultConfigurationName = Release;
		};
		144871331C278446008C36C9 /* Build configuration list for PBXNativeTarget "testUndo" */ = {
			isa = XCConfigurationList;
			buildConfigurations = (
				144871341C278446008C36C9 /* Debug */,
				144871351C278446008C36C9 /* Release */,
			);
			defaultConfigurationIsVisible = 0;
			defaultConfigurationName = Release;
		};
/* End XCConfigurationList section */
	};
	rootObject = 144871141C278446008C36C9 /* Project object */;
}
